
Microsoft Visual Studio Solution File, Format Version 12.00
# Visual Studio Version 16
VisualStudioVersion = 16.0.29326.143
MinimumVisualStudioVersion = 10.0.40219.1
Project("{FAE04EC0-301F-11D3-BF4B-00C04F79EFBC}") = "SocketClient", "SocketClient\SocketClient.csproj", "{59B38064-131D-4ABE-8743-701E521E5687}"
EndProject
Global
	GlobalSection(SolutionConfigurationPlatforms) = preSolution
		Debug|Any CPU = Debug|Any CPU
		Release|Any CPU = Release|Any CPU
	EndGlobalSection
	GlobalSection(ProjectConfigurationPlatforms) = postSolution
		{59B38064-131D-4ABE-8743-701E521E5687}.Debug|Any CPU.ActiveCfg = Debug|Any CPU
		{59B38064-131D-4ABE-8743-701E521E5687}.Debug|Any CPU.Build.0 = Debug|Any CPU
		{59B38064-131D-4ABE-8743-701E521E5687}.Release|Any CPU.ActiveCfg = Release|Any CPU
		{59B38064-131D-4ABE-8743-701E521E5687}.Release|Any CPU.Build.0 = Release|Any CPU
	EndGlobalSection
	GlobalSection(SolutionProperties) = preSolution
		HideSolutionNode = FALSE
	EndGlobalSection
	GlobalSection(ExtensibilityGlobals) = postSolution
		SolutionGuid = {9C3888B2-0F3B-41C7-A770-9D1E6310710F}
	EndGlobalSection
EndGlobal
